
Microsoft Visual Studio Solution File, Format Version 12.00
# Visual Studio 15
Project("{FAE04EC0-301F-11D3-BF4B-00C04F79EFBC}") = "VuforiaScripts", "VuforiaScripts.csproj", "{2A62D6E8-B1C0-33A6-D8B1-9069D1747ED5}"
EndProject
Project("{FAE04EC0-301F-11D3-BF4B-00C04F79EFBC}") = "Assembly-CSharp", "Assembly-CSharp.csproj", "{98CBF0FD-DE28-8810-24B4-74D52E5AF4AA}"
EndProject
Project("{FAE04EC0-301F-11D3-BF4B-00C04F79EFBC}") = "VuforiaEditorScripts", "VuforiaEditorScripts.csproj", "{14D2B901-79DA-505B-D401-56C33CA89062}"
EndProject
Global
	GlobalSection(SolutionConfigurationPlatforms) = preSolution
		Debug|Any CPU = Debug|Any CPU
		Release|Any CPU = Release|Any CPU
	EndGlobalSection
	GlobalSection(ProjectConfigurationPlatforms) = postSolution
		{2A62D6E8-B1C0-33A6-D8B1-9069D1747ED5}.Debug|Any CPU.ActiveCfg = Debug|Any CPU
		{2A62D6E8-B1C0-33A6-D8B1-9069D1747ED5}.Debug|Any CPU.Build.0 = Debug|Any CPU
		{2A62D6E8-B1C0-33A6-D8B1-9069D1747ED5}.Release|Any CPU.ActiveCfg = Release|Any CPU
		{2A62D6E8-B1C0-33A6-D8B1-9069D1747ED5}.Release|Any CPU.Build.0 = Release|Any CPU
		{98CBF0FD-DE28-8810-24B4-74D52E5AF4AA}.Debug|Any CPU.ActiveCfg = Debug|Any CPU
		{98CBF0FD-DE28-8810-24B4-74D52E5AF4AA}.Debug|Any CPU.Build.0 = Debug|Any CPU
		{98CBF0FD-DE28-8810-24B4-74D52E5AF4AA}.Release|Any CPU.ActiveCfg = Release|Any CPU
		{98CBF0FD-DE28-8810-24B4-74D52E5AF4AA}.Release|Any CPU.Build.0 = Release|Any CPU
		{14D2B901-79DA-505B-D401-56C33CA89062}.Debug|Any CPU.ActiveCfg = Debug|Any CPU
		{14D2B901-79DA-505B-D401-56C33CA89062}.Debug|Any CPU.Build.0 = Debug|Any CPU
		{14D2B901-79DA-505B-D401-56C33CA89062}.Release|Any CPU.ActiveCfg = Release|Any CPU
		{14D2B901-79DA-505B-D401-56C33CA89062}.Release|Any CPU.Build.0 = Release|Any CPU
	EndGlobalSection
	GlobalSection(SolutionProperties) = preSolution
		HideSolutionNode = FALSE
	EndGlobalSection
EndGlobal
